
Microsoft Visual Studio Solution File, Format Version 12.00
# Visual Studio Version 16
VisualStudioVersion = 16.0.31112.23
MinimumVisualStudioVersion = 10.0.40219.1
Project("{FAE04EC0-301F-11D3-BF4B-00C04F79EFBC}") = "AsignacionTareas", "AsignacionTareas\AsignacionTareas.csproj", "{464FBB24-D7CB-4E55-897B-2DB7F5A775F2}"
EndProject
Global
	GlobalSection(SolutionConfigurationPlatforms) = preSolution
		Debug|Any CPU = Debug|Any CPU
		Release|Any CPU = Release|Any CPU
	EndGlobalSection
	GlobalSection(ProjectConfigurationPlatforms) = postSolution
		{464FBB24-D7CB-4E55-897B-2DB7F5A775F2}.Debug|Any CPU.ActiveCfg = Debug|Any CPU
		{464FBB24-D7CB-4E55-897B-2DB7F5A775F2}.Debug|Any CPU.Build.0 = Debug|Any CPU
		{464FBB24-D7CB-4E55-897B-2DB7F5A775F2}.Release|Any CPU.ActiveCfg = Release|Any CPU
		{464FBB24-D7CB-4E55-897B-2DB7F5A775F2}.Release|Any CPU.Build.0 = Release|Any CPU
	EndGlobalSection
	GlobalSection(SolutionProperties) = preSolution
		HideSolutionNode = FALSE
	EndGlobalSection
	GlobalSection(ExtensibilityGlobals) = postSolution
		SolutionGuid = {22E863AF-8F7D-4D0F-904D-F62F0003DB12}
	EndGlobalSection
EndGlobal
